
Microsoft Visual Studio Solution File, Format Version 12.00
# Visual Studio Version 17
VisualStudioVersion = 17.4.33103.184
MinimumVisualStudioVersion = 10.0.40219.1
Project("{2150E333-8FDC-42A3-9474-1A3956D46DE8}") = "src", "src", "{A1B16F56-F07D-4C38-91E6-BFB636836DF1}"
EndProject
Project("{2150E333-8FDC-42A3-9474-1A3956D46DE8}") = "build", "build", "{BEE3EE23-3B90-427B-B7F1-2B131039490F}"
	ProjectSection(SolutionItems) = preProject
		build\common.props = build\common.props
		README.md = README.md
		build\version.props = build\version.props
	EndProjectSection
EndProject
Project("{2150E333-8FDC-42A3-9474-1A3956D46DE8}") = "sample", "sample", "{57D6BCDA-5C51-4B1D-AD88-78C465C24CD1}"
EndProject
Project("{2150E333-8FDC-42A3-9474-1A3956D46DE8}") = "02-Logging", "02-Logging", "{AD0F8B2F-13DA-43C5-81E3-4090F8351531}"
EndProject
Project("{2150E333-8FDC-42A3-9474-1A3956D46DE8}") = "01-Core", "01-Core", "{4CFBAD2D-23DC-47FF-8E9D-95DE1D248266}"
EndProject
Project("{9A19103F-16F7-4668-BE54-9A1E7A4F7556}") = "Build", "build\Build.csproj", "{B152E705-8C58-429D-89AA-962A480F546D}"
EndProject
Project("{9A19103F-16F7-4668-BE54-9A1E7A4F7556}") = "04-Util.Extras.Logging.Serilog.MySQL", "src\Util.Extras.Logging.Serilog.MySQL\04-Util.Extras.Logging.Serilog.MySQL.csproj", "{46B84000-2338-4623-B636-018B5774A2AB}"
EndProject
Project("{9A19103F-16F7-4668-BE54-9A1E7A4F7556}") = "Util.Extras.Tools.IPLocation", "src\Util.Extras.Tools.IPLocation\Util.Extras.Tools.IPLocation.csproj", "{2B3ABDF5-6E0B-496B-99A3-C79A7A12A7DE}"
EndProject
Project("{9A19103F-16F7-4668-BE54-9A1E7A4F7556}") = "DCSoft.Application", "sample\DCSoft.Application\DCSoft.Application.csproj", "{9063F542-9383-4EFF-8B83-E47B7906DBD3}"
EndProject
Project("{9A19103F-16F7-4668-BE54-9A1E7A4F7556}") = "DCSoft.Data", "sample\DCSoft.Data\DCSoft.Data.csproj", "{8388CBAC-A70E-4EE4-AA7E-6A2E86439C1B}"
EndProject
Project("{9A19103F-16F7-4668-BE54-9A1E7A4F7556}") = "Web.Api", "sample\Web.Api\Web.Api.csproj", "{8739EB30-E6F8-48AE-8C41-A23BFB86BE84}"
EndProject
Project("{9A19103F-16F7-4668-BE54-9A1E7A4F7556}") = "DCSoft.Domain", "sample\DCSoft.Domain\DCSoft.Domain.csproj", "{E4BA5B8D-444B-4F60-9407-34C6259868E9}"
EndProject
Project("{9A19103F-16F7-4668-BE54-9A1E7A4F7556}") = "DCSoft.Data.MySql", "sample\DCSoft.Data.MySql\DCSoft.Data.MySql.csproj", "{F2D7635F-B905-40EA-9825-A703BF5A27D0}"
EndProject
Project("{9A19103F-16F7-4668-BE54-9A1E7A4F7556}") = "Util.Extras.Authentication.JwtBearer", "src\Util.Extras.Authentication.JwtBearer\Util.Extras.Authentication.JwtBearer.csproj", "{9CA01EEB-1E24-4236-B918-C6E1E462BBB9}"
EndProject
Project("{9A19103F-16F7-4668-BE54-9A1E7A4F7556}") = "Util.Extras.Authorization", "src\Util.Extras.Authorization\Util.Extras.Authorization.csproj", "{65C7A655-9274-4E1C-BCE0-002159CB6F1A}"
EndProject
Project("{9A19103F-16F7-4668-BE54-9A1E7A4F7556}") = "DCSoft.Web.Core", "sample\DCSoft.Web.Core\DCSoft.Web.Core.csproj", "{EACB6546-0E73-4370-B9F6-A70C2A1E7CB8}"
EndProject
Project("{9A19103F-16F7-4668-BE54-9A1E7A4F7556}") = "DCSoft.Integration", "sample\DCSoft.Integration\DCSoft.Integration.csproj", "{98AD4F72-6AC7-4212-B2BA-1DABBAEA271C}"
EndProject
Project("{9A19103F-16F7-4668-BE54-9A1E7A4F7556}") = "DCSoft.Logging.Serilog", "sample\DCSoft.Logging.Serilog\DCSoft.Logging.Serilog.csproj", "{C0FC45D8-9F6B-41F9-B7F4-5387247B0727}"
EndProject
Project("{2150E333-8FDC-42A3-9474-1A3956D46DE8}") = "12-Tools", "12-Tools", "{C60A0D99-E3CD-46F6-A7DD-3DB76D615282}"
EndProject
Project("{2150E333-8FDC-42A3-9474-1A3956D46DE8}") = "11-Security", "11-Security", "{E8795AE3-E66C-4905-8736-303F7E449A13}"
EndProject
Project("{9A19103F-16F7-4668-BE54-9A1E7A4F7556}") = "Util.Extras.Tools.Offices", "src\Util.Extras.Tools.Offices\Util.Extras.Tools.Offices.csproj", "{E4989F56-1D18-4E76-92D0-3D9A16AC17E9}"
EndProject
Project("{9A19103F-16F7-4668-BE54-9A1E7A4F7556}") = "01-Util.Extras.Core", "src\Util.Extras.Core\01-Util.Extras.Core.csproj", "{9738628A-33AF-4B49-84DA-08BE26062673}"
EndProject
Project("{9A19103F-16F7-4668-BE54-9A1E7A4F7556}") = "07-Util.Extras.AspNetCore", "src\Util.Extras.AspNetCore\07-Util.Extras.AspNetCore.csproj", "{EA5720D3-0CF9-47E8-971D-044A2FA1E9E4}"
EndProject
Project("{2150E333-8FDC-42A3-9474-1A3956D46DE8}") = "07-Domain", "07-Domain", "{1D2377FE-DA03-43CE-B449-3053575D8390}"
EndProject
Project("{9A19103F-16F7-4668-BE54-9A1E7A4F7556}") = "01-Util.Extras.Domain", "src\Util.Extras.Domain\01-Util.Extras.Domain.csproj", "{8B33238F-76FF-4BBC-839C-3AEA875ACCBC}"
EndProject
Project("{2150E333-8FDC-42A3-9474-1A3956D46DE8}") = "09-Application", "09-Application", "{64B54841-3CB9-4267-A062-EF56EAA02048}"
EndProject
Project("{9A19103F-16F7-4668-BE54-9A1E7A4F7556}") = "Util.Extras.Application", "src\Util.Extras.Application\Util.Extras.Application.csproj", "{598D26AF-9C5A-42BD-A880-6618402BCFD9}"
EndProject
Project("{9A19103F-16F7-4668-BE54-9A1E7A4F7556}") = "Util.Extras.Application.EntityFrameworkCore", "src\Util.Extras.Application.EntityFrameworkCore\Util.Extras.Application.EntityFrameworkCore.csproj", "{F4BD6259-5932-4D5D-AE38-8EF3F9A93C0C}"
EndProject
Project("{2150E333-8FDC-42A3-9474-1A3956D46DE8}") = "08-Data", "08-Data", "{C5B28C5C-66C3-4EBE-9142-7CD9EAD1B711}"
EndProject
Project("{2150E333-8FDC-42A3-9474-1A3956D46DE8}") = "02-EntityFrameworkCore", "02-EntityFrameworkCore", "{E4A21A41-D685-4E6E-8746-071E872A0AE6}"
EndProject
Project("{9A19103F-16F7-4668-BE54-9A1E7A4F7556}") = "04-Util.Extras.Data.EntityFrameworkCore.MySql", "src\Util.Extras.Data.EntityFrameworkCore.MySql\04-Util.Extras.Data.EntityFrameworkCore.MySql.csproj", "{7D8102EC-A0B9-4F82-838E-3D99BD70C83D}"
EndProject
Project("{9A19103F-16F7-4668-BE54-9A1E7A4F7556}") = "Util.Extras.Tools.Captcha", "src\Util.Extras.Tools.Captcha\Util.Extras.Tools.Captcha.csproj", "{65864682-C187-4314-8296-094AD7ED4161}"
EndProject
Project("{9A19103F-16F7-4668-BE54-9A1E7A4F7556}") = "Util.Extras.Security", "src\Util.Extras.Security\Util.Extras.Security.csproj", "{9483A9DB-DF0C-4883-8FD7-1AB6F066B0BE}"
EndProject
Project("{9A19103F-16F7-4668-BE54-9A1E7A4F7556}") = "02-Util.Extras.Data.EntityFrameworkCore.SqlServer", "src\Util.Extras.Data.EntityFrameworkCore.SqlServer\02-Util.Extras.Data.EntityFrameworkCore.SqlServer.csproj", "{5607A499-26D8-4423-AF35-DF1F39AF5E48}"
EndProject
Project("{9A19103F-16F7-4668-BE54-9A1E7A4F7556}") = "02-Util.Extras.Logging.Serilog.SqlServer", "src\Util.Extras.Logging.Serilog.SqlServer\02-Util.Extras.Logging.Serilog.SqlServer.csproj", "{2EB92261-D3DB-4CCA-B977-76A75918F149}"
EndProject
Global
	GlobalSection(SolutionConfigurationPlatforms) = preSolution
		Debug|Any CPU = Debug|Any CPU
		Release|Any CPU = Release|Any CPU
	EndGlobalSection
	GlobalSection(ProjectConfigurationPlatforms) = postSolution
		{B152E705-8C58-429D-89AA-962A480F546D}.Debug|Any CPU.ActiveCfg = Debug|Any CPU
		{B152E705-8C58-429D-89AA-962A480F546D}.Debug|Any CPU.Build.0 = Debug|Any CPU
		{B152E705-8C58-429D-89AA-962A480F546D}.Release|Any CPU.ActiveCfg = Release|Any CPU
		{B152E705-8C58-429D-89AA-962A480F546D}.Release|Any CPU.Build.0 = Release|Any CPU
		{46B84000-2338-4623-B636-018B5774A2AB}.Debug|Any CPU.ActiveCfg = Debug|Any CPU
		{46B84000-2338-4623-B636-018B5774A2AB}.Debug|Any CPU.Build.0 = Debug|Any CPU
		{46B84000-2338-4623-B636-018B5774A2AB}.Release|Any CPU.ActiveCfg = Release|Any CPU
		{46B84000-2338-4623-B636-018B5774A2AB}.Release|Any CPU.Build.0 = Release|Any CPU
		{2B3ABDF5-6E0B-496B-99A3-C79A7A12A7DE}.Debug|Any CPU.ActiveCfg = Debug|Any CPU
		{2B3ABDF5-6E0B-496B-99A3-C79A7A12A7DE}.Debug|Any CPU.Build.0 = Debug|Any CPU
		{2B3ABDF5-6E0B-496B-99A3-C79A7A12A7DE}.Release|Any CPU.ActiveCfg = Release|Any CPU
		{2B3ABDF5-6E0B-496B-99A3-C79A7A12A7DE}.Release|Any CPU.Build.0 = Release|Any CPU
		{9063F542-9383-4EFF-8B83-E47B7906DBD3}.Debug|Any CPU.ActiveCfg = Debug|Any CPU
		{9063F542-9383-4EFF-8B83-E47B7906DBD3}.Debug|Any CPU.Build.0 = Debug|Any CPU
		{9063F542-9383-4EFF-8B83-E47B7906DBD3}.Release|Any CPU.ActiveCfg = Release|Any CPU
		{9063F542-9383-4EFF-8B83-E47B7906DBD3}.Release|Any CPU.Build.0 = Release|Any CPU
		{8388CBAC-A70E-4EE4-AA7E-6A2E86439C1B}.Debug|Any CPU.ActiveCfg = Debug|Any CPU
		{8388CBAC-A70E-4EE4-AA7E-6A2E86439C1B}.Debug|Any CPU.Build.0 = Debug|Any CPU
		{8388CBAC-A70E-4EE4-AA7E-6A2E86439C1B}.Release|Any CPU.ActiveCfg = Release|Any CPU
		{8388CBAC-A70E-4EE4-AA7E-6A2E86439C1B}.Release|Any CPU.Build.0 = Release|Any CPU
		{8739EB30-E6F8-48AE-8C41-A23BFB86BE84}.Debug|Any CPU.ActiveCfg = Debug|Any CPU
		{8739EB30-E6F8-48AE-8C41-A23BFB86BE84}.Debug|Any CPU.Build.0 = Debug|Any CPU
		{8739EB30-E6F8-48AE-8C41-A23BFB86BE84}.Release|Any CPU.ActiveCfg = Release|Any CPU
		{8739EB30-E6F8-48AE-8C41-A23BFB86BE84}.Release|Any CPU.Build.0 = Release|Any CPU
		{E4BA5B8D-444B-4F60-9407-34C6259868E9}.Debug|Any CPU.ActiveCfg = Debug|Any CPU
		{E4BA5B8D-444B-4F60-9407-34C6259868E9}.Debug|Any CPU.Build.0 = Debug|Any CPU
		{E4BA5B8D-444B-4F60-9407-34C6259868E9}.Release|Any CPU.ActiveCfg = Release|Any CPU
		{E4BA5B8D-444B-4F60-9407-34C6259868E9}.Release|Any CPU.Build.0 = Release|Any CPU
		{F2D7635F-B905-40EA-9825-A703BF5A27D0}.Debug|Any CPU.ActiveCfg = Debug|Any CPU
		{F2D7635F-B905-40EA-9825-A703BF5A27D0}.Debug|Any CPU.Build.0 = Debug|Any CPU
		{F2D7635F-B905-40EA-9825-A703BF5A27D0}.Release|Any CPU.ActiveCfg = Release|Any CPU
		{F2D7635F-B905-40EA-9825-A703BF5A27D0}.Release|Any CPU.Build.0 = Release|Any CPU
		{9CA01EEB-1E24-4236-B918-C6E1E462BBB9}.Debug|Any CPU.ActiveCfg = Debug|Any CPU
		{9CA01EEB-1E24-4236-B918-C6E1E462BBB9}.Debug|Any CPU.Build.0 = Debug|Any CPU
		{9CA01EEB-1E24-4236-B918-C6E1E462BBB9}.Release|Any CPU.ActiveCfg = Release|Any CPU
		{9CA01EEB-1E24-4236-B918-C6E1E462BBB9}.Release|Any CPU.Build.0 = Release|Any CPU
		{65C7A655-9274-4E1C-BCE0-002159CB6F1A}.Debug|Any CPU.ActiveCfg = Debug|Any CPU
		{65C7A655-9274-4E1C-BCE0-002159CB6F1A}.Debug|Any CPU.Build.0 = Debug|Any CPU
		{65C7A655-9274-4E1C-BCE0-002159CB6F1A}.Release|Any CPU.ActiveCfg = Release|Any CPU
		{65C7A655-9274-4E1C-BCE0-002159CB6F1A}.Release|Any CPU.Build.0 = Release|Any CPU
		{EACB6546-0E73-4370-B9F6-A70C2A1E7CB8}.Debug|Any CPU.ActiveCfg = Debug|Any CPU
		{EACB6546-0E73-4370-B9F6-A70C2A1E7CB8}.Debug|Any CPU.Build.0 = Debug|Any CPU
		{EACB6546-0E73-4370-B9F6-A70C2A1E7CB8}.Release|Any CPU.ActiveCfg = Release|Any CPU
		{EACB6546-0E73-4370-B9F6-A70C2A1E7CB8}.Release|Any CPU.Build.0 = Release|Any CPU
		{98AD4F72-6AC7-4212-B2BA-1DABBAEA271C}.Debug|Any CPU.ActiveCfg = Debug|Any CPU
		{98AD4F72-6AC7-4212-B2BA-1DABBAEA271C}.Debug|Any CPU.Build.0 = Debug|Any CPU
		{98AD4F72-6AC7-4212-B2BA-1DABBAEA271C}.Release|Any CPU.ActiveCfg = Release|Any CPU
		{98AD4F72-6AC7-4212-B2BA-1DABBAEA271C}.Release|Any CPU.Build.0 = Release|Any CPU
		{C0FC45D8-9F6B-41F9-B7F4-5387247B0727}.Debug|Any CPU.ActiveCfg = Debug|Any CPU
		{C0FC45D8-9F6B-41F9-B7F4-5387247B0727}.Debug|Any CPU.Build.0 = Debug|Any CPU
		{C0FC45D8-9F6B-41F9-B7F4-5387247B0727}.Release|Any CPU.ActiveCfg = Release|Any CPU
		{C0FC45D8-9F6B-41F9-B7F4-5387247B0727}.Release|Any CPU.Build.0 = Release|Any CPU
		{E4989F56-1D18-4E76-92D0-3D9A16AC17E9}.Debug|Any CPU.ActiveCfg = Debug|Any CPU
		{E4989F56-1D18-4E76-92D0-3D9A16AC17E9}.Debug|Any CPU.Build.0 = Debug|Any CPU
		{E4989F56-1D18-4E76-92D0-3D9A16AC17E9}.Release|Any CPU.ActiveCfg = Release|Any CPU
		{E4989F56-1D18-4E76-92D0-3D9A16AC17E9}.Release|Any CPU.Build.0 = Release|Any CPU
		{9738628A-33AF-4B49-84DA-08BE26062673}.Debug|Any CPU.ActiveCfg = Debug|Any CPU
		{9738628A-33AF-4B49-84DA-08BE26062673}.Debug|Any CPU.Build.0 = Debug|Any CPU
		{9738628A-33AF-4B49-84DA-08BE26062673}.Release|Any CPU.ActiveCfg = Release|Any CPU
		{9738628A-33AF-4B49-84DA-08BE26062673}.Release|Any CPU.Build.0 = Release|Any CPU
		{EA5720D3-0CF9-47E8-971D-044A2FA1E9E4}.Debug|Any CPU.ActiveCfg = Debug|Any CPU
		{EA5720D3-0CF9-47E8-971D-044A2FA1E9E4}.Debug|Any CPU.Build.0 = Debug|Any CPU
		{EA5720D3-0CF9-47E8-971D-044A2FA1E9E4}.Release|Any CPU.ActiveCfg = Release|Any CPU
		{EA5720D3-0CF9-47E8-971D-044A2FA1E9E4}.Release|Any CPU.Build.0 = Release|Any CPU
		{8B33238F-76FF-4BBC-839C-3AEA875ACCBC}.Debug|Any CPU.ActiveCfg = Debug|Any CPU
		{8B33238F-76FF-4BBC-839C-3AEA875ACCBC}.Debug|Any CPU.Build.0 = Debug|Any CPU
		{8B33238F-76FF-4BBC-839C-3AEA875ACCBC}.Release|Any CPU.ActiveCfg = Release|Any CPU
		{8B33238F-76FF-4BBC-839C-3AEA875ACCBC}.Release|Any CPU.Build.0 = Release|Any CPU
		{598D26AF-9C5A-42BD-A880-6618402BCFD9}.Debug|Any CPU.ActiveCfg = Debug|Any CPU
		{598D26AF-9C5A-42BD-A880-6618402BCFD9}.Debug|Any CPU.Build.0 = Debug|Any CPU
		{598D26AF-9C5A-42BD-A880-6618402BCFD9}.Release|Any CPU.ActiveCfg = Release|Any CPU
		{598D26AF-9C5A-42BD-A880-6618402BCFD9}.Release|Any CPU.Build.0 = Release|Any CPU
		{F4BD6259-5932-4D5D-AE38-8EF3F9A93C0C}.Debug|Any CPU.ActiveCfg = Debug|Any CPU
		{F4BD6259-5932-4D5D-AE38-8EF3F9A93C0C}.Debug|Any CPU.Build.0 = Debug|Any CPU
		{F4BD6259-5932-4D5D-AE38-8EF3F9A93C0C}.Release|Any CPU.ActiveCfg = Release|Any CPU
		{F4BD6259-5932-4D5D-AE38-8EF3F9A93C0C}.Release|Any CPU.Build.0 = Release|Any CPU
		{7D8102EC-A0B9-4F82-838E-3D99BD70C83D}.Debug|Any CPU.ActiveCfg = Debug|Any CPU
		{7D8102EC-A0B9-4F82-838E-3D99BD70C83D}.Debug|Any CPU.Build.0 = Debug|Any CPU
		{7D8102EC-A0B9-4F82-838E-3D99BD70C83D}.Release|Any CPU.ActiveCfg = Release|Any CPU
		{7D8102EC-A0B9-4F82-838E-3D99BD70C83D}.Release|Any CPU.Build.0 = Release|Any CPU
		{65864682-C187-4314-8296-094AD7ED4161}.Debug|Any CPU.ActiveCfg = Debug|Any CPU
		{65864682-C187-4314-8296-094AD7ED4161}.Debug|Any CPU.Build.0 = Debug|Any CPU
		{65864682-C187-4314-8296-094AD7ED4161}.Release|Any CPU.ActiveCfg = Release|Any CPU
		{65864682-C187-4314-8296-094AD7ED4161}.Release|Any CPU.Build.0 = Release|Any CPU
		{9483A9DB-DF0C-4883-8FD7-1AB6F066B0BE}.Debug|Any CPU.ActiveCfg = Debug|Any CPU
		{9483A9DB-DF0C-4883-8FD7-1AB6F066B0BE}.Debug|Any CPU.Build.0 = Debug|Any CPU
		{9483A9DB-DF0C-4883-8FD7-1AB6F066B0BE}.Release|Any CPU.ActiveCfg = Release|Any CPU
		{9483A9DB-DF0C-4883-8FD7-1AB6F066B0BE}.Release|Any CPU.Build.0 = Release|Any CPU
		{5607A499-26D8-4423-AF35-DF1F39AF5E48}.Debug|Any CPU.ActiveCfg = Debug|Any CPU
		{5607A499-26D8-4423-AF35-DF1F39AF5E48}.Debug|Any CPU.Build.0 = Debug|Any CPU
		{5607A499-26D8-4423-AF35-DF1F39AF5E48}.Release|Any CPU.ActiveCfg = Release|Any CPU
		{5607A499-26D8-4423-AF35-DF1F39AF5E48}.Release|Any CPU.Build.0 = Release|Any CPU
		{2EB92261-D3DB-4CCA-B977-76A75918F149}.Debug|Any CPU.ActiveCfg = Debug|Any CPU
		{2EB92261-D3DB-4CCA-B977-76A75918F149}.Debug|Any CPU.Build.0 = Debug|Any CPU
		{2EB92261-D3DB-4CCA-B977-76A75918F149}.Release|Any CPU.ActiveCfg = Release|Any CPU
		{2EB92261-D3DB-4CCA-B977-76A75918F149}.Release|Any CPU.Build.0 = Release|Any CPU
	EndGlobalSection
	GlobalSection(SolutionProperties) = preSolution
		HideSolutionNode = FALSE
	EndGlobalSection
	GlobalSection(NestedProjects) = preSolution
		{AD0F8B2F-13DA-43C5-81E3-4090F8351531} = {A1B16F56-F07D-4C38-91E6-BFB636836DF1}
		{4CFBAD2D-23DC-47FF-8E9D-95DE1D248266} = {A1B16F56-F07D-4C38-91E6-BFB636836DF1}
		{B152E705-8C58-429D-89AA-962A480F546D} = {BEE3EE23-3B90-427B-B7F1-2B131039490F}
		{46B84000-2338-4623-B636-018B5774A2AB} = {AD0F8B2F-13DA-43C5-81E3-4090F8351531}
		{2B3ABDF5-6E0B-496B-99A3-C79A7A12A7DE} = {C60A0D99-E3CD-46F6-A7DD-3DB76D615282}
		{9063F542-9383-4EFF-8B83-E47B7906DBD3} = {57D6BCDA-5C51-4B1D-AD88-78C465C24CD1}
		{8388CBAC-A70E-4EE4-AA7E-6A2E86439C1B} = {57D6BCDA-5C51-4B1D-AD88-78C465C24CD1}
		{8739EB30-E6F8-48AE-8C41-A23BFB86BE84} = {57D6BCDA-5C51-4B1D-AD88-78C465C24CD1}
		{E4BA5B8D-444B-4F60-9407-34C6259868E9} = {57D6BCDA-5C51-4B1D-AD88-78C465C24CD1}
		{F2D7635F-B905-40EA-9825-A703BF5A27D0} = {57D6BCDA-5C51-4B1D-AD88-78C465C24CD1}
		{9CA01EEB-1E24-4236-B918-C6E1E462BBB9} = {E8795AE3-E66C-4905-8736-303F7E449A13}
		{65C7A655-9274-4E1C-BCE0-002159CB6F1A} = {E8795AE3-E66C-4905-8736-303F7E449A13}
		{EACB6546-0E73-4370-B9F6-A70C2A1E7CB8} = {57D6BCDA-5C51-4B1D-AD88-78C465C24CD1}
		{98AD4F72-6AC7-4212-B2BA-1DABBAEA271C} = {57D6BCDA-5C51-4B1D-AD88-78C465C24CD1}
		{C0FC45D8-9F6B-41F9-B7F4-5387247B0727} = {57D6BCDA-5C51-4B1D-AD88-78C465C24CD1}
		{C60A0D99-E3CD-46F6-A7DD-3DB76D615282} = {A1B16F56-F07D-4C38-91E6-BFB636836DF1}
		{E8795AE3-E66C-4905-8736-303F7E449A13} = {A1B16F56-F07D-4C38-91E6-BFB636836DF1}
		{E4989F56-1D18-4E76-92D0-3D9A16AC17E9} = {C60A0D99-E3CD-46F6-A7DD-3DB76D615282}
		{9738628A-33AF-4B49-84DA-08BE26062673} = {4CFBAD2D-23DC-47FF-8E9D-95DE1D248266}
		{EA5720D3-0CF9-47E8-971D-044A2FA1E9E4} = {4CFBAD2D-23DC-47FF-8E9D-95DE1D248266}
		{1D2377FE-DA03-43CE-B449-3053575D8390} = {A1B16F56-F07D-4C38-91E6-BFB636836DF1}
		{8B33238F-76FF-4BBC-839C-3AEA875ACCBC} = {1D2377FE-DA03-43CE-B449-3053575D8390}
		{64B54841-3CB9-4267-A062-EF56EAA02048} = {A1B16F56-F07D-4C38-91E6-BFB636836DF1}
		{598D26AF-9C5A-42BD-A880-6618402BCFD9} = {64B54841-3CB9-4267-A062-EF56EAA02048}
		{F4BD6259-5932-4D5D-AE38-8EF3F9A93C0C} = {64B54841-3CB9-4267-A062-EF56EAA02048}
		{C5B28C5C-66C3-4EBE-9142-7CD9EAD1B711} = {A1B16F56-F07D-4C38-91E6-BFB636836DF1}
		{E4A21A41-D685-4E6E-8746-071E872A0AE6} = {C5B28C5C-66C3-4EBE-9142-7CD9EAD1B711}
		{7D8102EC-A0B9-4F82-838E-3D99BD70C83D} = {E4A21A41-D685-4E6E-8746-071E872A0AE6}
		{65864682-C187-4314-8296-094AD7ED4161} = {C60A0D99-E3CD-46F6-A7DD-3DB76D615282}
		{9483A9DB-DF0C-4883-8FD7-1AB6F066B0BE} = {E8795AE3-E66C-4905-8736-303F7E449A13}
		{5607A499-26D8-4423-AF35-DF1F39AF5E48} = {E4A21A41-D685-4E6E-8746-071E872A0AE6}
		{2EB92261-D3DB-4CCA-B977-76A75918F149} = {AD0F8B2F-13DA-43C5-81E3-4090F8351531}
	EndGlobalSection
	GlobalSection(ExtensibilityGlobals) = postSolution
		SolutionGuid = {5A99CBA9-4A62-454F-9267-D3F362965038}
	EndGlobalSection
EndGlobal
