
Microsoft Visual Studio Solution File, Format Version 12.00
# Visual Studio Version 17
VisualStudioVersion = 17.4.33103.184
MinimumVisualStudioVersion = 10.0.40219.1
Project("{2150E333-8FDC-42A3-9474-1A3956D46DE8}") = "src", "src", "{A1B16F56-F07D-4C38-91E6-BFB636836DF1}"
EndProject
Project("{2150E333-8FDC-42A3-9474-1A3956D46DE8}") = "build", "build", "{BEE3EE23-3B90-427B-B7F1-2B131039490F}"
	ProjectSection(SolutionItems) = preProject
		build\common.props = build\common.props
		build\version.props = build\version.props
	EndProjectSection
EndProject
Project("{2150E333-8FDC-42A3-9474-1A3956D46DE8}") = "sample", "sample", "{57D6BCDA-5C51-4B1D-AD88-78C465C24CD1}"
EndProject
Project("{2150E333-8FDC-42A3-9474-1A3956D46DE8}") = "02-Logging", "02-Logging", "{AD0F8B2F-13DA-43C5-81E3-4090F8351531}"
EndProject
Project("{2150E333-8FDC-42A3-9474-1A3956D46DE8}") = "01-Core", "01-Core", "{4CFBAD2D-23DC-47FF-8E9D-95DE1D248266}"
EndProject
Project("{2150E333-8FDC-42A3-9474-1A3956D46DE8}") = "03-Events", "03-Events", "{3F61F31E-3CA9-436E-9494-2F283F07CDAE}"
EndProject
Project("{2150E333-8FDC-42A3-9474-1A3956D46DE8}") = "04-Templates", "04-Templates", "{3DDE68FD-992D-4A44-B42F-4D06BB941A88}"
EndProject
Project("{2150E333-8FDC-42A3-9474-1A3956D46DE8}") = "05-Caching", "05-Caching", "{DFDDD609-07CF-4479-A327-C841D16E49C3}"
EndProject
Project("{2150E333-8FDC-42A3-9474-1A3956D46DE8}") = "06-Scheduing", "06-Scheduing", "{015F2308-C1AF-4487-A376-3C819580F8A7}"
EndProject
Project("{2150E333-8FDC-42A3-9474-1A3956D46DE8}") = "07-Domain", "07-Domain", "{CD01F534-6526-45E8-916A-D962414E715F}"
EndProject
Project("{2150E333-8FDC-42A3-9474-1A3956D46DE8}") = "08-Data", "08-Data", "{829CA1E1-8010-4342-AEE0-60A45FB31A2E}"
EndProject
Project("{2150E333-8FDC-42A3-9474-1A3956D46DE8}") = "09-Application", "09-Application", "{99085031-CE32-46DF-9ECD-0D39B8C06D23}"
EndProject
Project("{9A19103F-16F7-4668-BE54-9A1E7A4F7556}") = "Build", "build\Build.csproj", "{B152E705-8C58-429D-89AA-962A480F546D}"
EndProject
Project("{9A19103F-16F7-4668-BE54-9A1E7A4F7556}") = "01-Util.Core", "src\Util.Core\01-Util.Core.csproj", "{7D04714A-BB2D-4824-BD3B-B01C1EA71F96}"
EndProject
Project("{9A19103F-16F7-4668-BE54-9A1E7A4F7556}") = "02-Util.ObjectMapping.AutoMapper", "src\Util.ObjectMapping.AutoMapper\02-Util.ObjectMapping.AutoMapper.csproj", "{C12B4187-4413-4588-B580-309F64B53449}"
EndProject
Project("{9A19103F-16F7-4668-BE54-9A1E7A4F7556}") = "03-Util.Aop.AspectCore", "src\Util.Aop.AspectCore\03-Util.Aop.AspectCore.csproj", "{6F3F90FD-C400-4398-9564-0D019A55F293}"
EndProject
Project("{9A19103F-16F7-4668-BE54-9A1E7A4F7556}") = "04-Util.Localization", "src\Util.Localization\04-Util.Localization.csproj", "{40900036-B73A-486A-845C-E75C44E1A554}"
EndProject
Project("{9A19103F-16F7-4668-BE54-9A1E7A4F7556}") = "05-Util.Validation", "src\Util.Validation\05-Util.Validation.csproj", "{DE19368D-E9E4-4DAB-88C6-D1C94C12DD82}"
EndProject
Project("{9A19103F-16F7-4668-BE54-9A1E7A4F7556}") = "06-Util.Data.Abstractions", "src\Util.Data.Abstractions\06-Util.Data.Abstractions.csproj", "{4FF1FD06-250B-4B04-928E-57A47C9C5CEE}"
EndProject
Project("{9A19103F-16F7-4668-BE54-9A1E7A4F7556}") = "07-Util.AspNetCore", "src\Util.AspNetCore\07-Util.AspNetCore.csproj", "{59A84C0B-5464-4D81-B1F6-8BF9E78FD804}"
EndProject
Project("{9A19103F-16F7-4668-BE54-9A1E7A4F7556}") = "01-Util.Logging", "src\Util.Logging\01-Util.Logging.csproj", "{2EE13B60-F2D8-48DC-AC09-A6AF19119CEE}"
EndProject
Project("{9A19103F-16F7-4668-BE54-9A1E7A4F7556}") = "02-Util.Logging.Serilog", "src\Util.Logging.Serilog\02-Util.Logging.Serilog.csproj", "{42A1232C-00A8-4B89-ACA9-054C3570C0F7}"
EndProject
Project("{9A19103F-16F7-4668-BE54-9A1E7A4F7556}") = "03-Util.Logging.Serilog.Exceptionless", "src\Util.Logging.Serilog.Exceptionless\03-Util.Logging.Serilog.Exceptionless.csproj", "{61FB65AE-A205-4209-BF1C-E0579ADB7F3C}"
EndProject
Project("{9A19103F-16F7-4668-BE54-9A1E7A4F7556}") = "01-Util.Events", "src\Util.Events\01-Util.Events.csproj", "{1F177513-35E8-4F5B-A930-D0E065DAF52E}"
EndProject
Project("{9A19103F-16F7-4668-BE54-9A1E7A4F7556}") = "01-Util.Caching", "src\Util.Caching\01-Util.Caching.csproj", "{44F89221-4582-4A69-BB4A-8ABA1BAD4865}"
EndProject
Project("{9A19103F-16F7-4668-BE54-9A1E7A4F7556}") = "02-Util.Caching.EasyCaching", "src\Util.Caching.EasyCaching\02-Util.Caching.EasyCaching.csproj", "{D4E9CBD5-D56B-4356-809A-D19F35F45C0A}"
EndProject
Project("{9A19103F-16F7-4668-BE54-9A1E7A4F7556}") = "01-Util.Scheduling", "src\Util.Scheduling\01-Util.Scheduling.csproj", "{CDF3A519-AF88-4053-A74E-9F719493DED4}"
EndProject
Project("{9A19103F-16F7-4668-BE54-9A1E7A4F7556}") = "03-Util.Scheduling.Hangfire", "src\Util.Scheduling.Hangfire\03-Util.Scheduling.Hangfire.csproj", "{CDFBE25D-5CD5-4D9D-893B-C0DCFFCEEAB7}"
EndProject
Project("{9A19103F-16F7-4668-BE54-9A1E7A4F7556}") = "02-Util.Scheduling.Quartz", "src\Util.Scheduling.Quartz\02-Util.Scheduling.Quartz.csproj", "{BA0451BE-923D-4A1B-A87A-DF667FB41D90}"
EndProject
Project("{9A19103F-16F7-4668-BE54-9A1E7A4F7556}") = "01-Util.Domain", "src\Util.Domain\01-Util.Domain.csproj", "{C57CD780-6EF1-4B15-89F1-F925DB214D0C}"
EndProject
Project("{9A19103F-16F7-4668-BE54-9A1E7A4F7556}") = "02-Util.Domain.Biz", "src\Util.Domain.Biz\02-Util.Domain.Biz.csproj", "{E19939B0-3D74-4AE9-A5F0-F7E7521F05A2}"
EndProject
Project("{2150E333-8FDC-42A3-9474-1A3956D46DE8}") = "01-Core", "01-Core", "{66C56DB0-0F3D-4C8A-9CA1-1D5475E6E79F}"
EndProject
Project("{9A19103F-16F7-4668-BE54-9A1E7A4F7556}") = "01-Util.Data.Core", "src\Util.Data.Core\01-Util.Data.Core.csproj", "{B18C2569-CBBA-4FD4-A9F5-FFDBC911B653}"
EndProject
Project("{9A19103F-16F7-4668-BE54-9A1E7A4F7556}") = "02-Util.Data.Sql", "src\Util.Data.Sql\02-Util.Data.Sql.csproj", "{47953964-EF6D-4401-B9AF-66F100DA1533}"
EndProject
Project("{9A19103F-16F7-4668-BE54-9A1E7A4F7556}") = "03-Util.Data.Metadata", "src\Util.Data.Metadata\03-Util.Data.Metadata.csproj", "{9DE3A38E-9F10-455D-AFE0-1C44E7DC3174}"
EndProject
Project("{2150E333-8FDC-42A3-9474-1A3956D46DE8}") = "02-EntityFrameworkCore", "02-EntityFrameworkCore", "{8BB1BF17-5C59-4D26-9509-AB239593192A}"
EndProject
Project("{9A19103F-16F7-4668-BE54-9A1E7A4F7556}") = "01-Util.Data.EntityFrameworkCore", "src\Util.Data.EntityFrameworkCore\01-Util.Data.EntityFrameworkCore.csproj", "{00162622-F62F-4329-BBB1-69786A8F9B83}"
EndProject
Project("{9A19103F-16F7-4668-BE54-9A1E7A4F7556}") = "04-Util.Data.EntityFrameworkCore.MySql", "src\Util.Data.EntityFrameworkCore.MySql\04-Util.Data.EntityFrameworkCore.MySql.csproj", "{2D6EFE8F-AAF9-40D1-9613-0223D91607DA}"
EndProject
Project("{2150E333-8FDC-42A3-9474-1A3956D46DE8}") = "03-Dapper", "03-Dapper", "{36F9C754-A38B-41E1-8482-95D0C94245CA}"
EndProject
Project("{9A19103F-16F7-4668-BE54-9A1E7A4F7556}") = "01-Util.Data.Dapper.Core", "src\Util.Data.Dapper.Core\01-Util.Data.Dapper.Core.csproj", "{B763E2E3-F222-47B1-BAC3-ED0E978D510C}"
EndProject
Project("{9A19103F-16F7-4668-BE54-9A1E7A4F7556}") = "04-Util.Data.Dapper.MySql", "src\Util.Data.Dapper.MySql\04-Util.Data.Dapper.MySql.csproj", "{D2F26C5A-3C8E-4453-B94A-D8668A361FE5}"
EndProject
Project("{9A19103F-16F7-4668-BE54-9A1E7A4F7556}") = "05-Util.Data.Dapper.All", "src\Util.Data.Dapper.All\05-Util.Data.Dapper.All.csproj", "{4806619E-9CBF-4B1B-93DF-E1B51C49A23E}"
EndProject
Project("{9A19103F-16F7-4668-BE54-9A1E7A4F7556}") = "02-Util.Data.EntityFrameworkCore.SqlServer", "src\Util.Data.EntityFrameworkCore.SqlServer\02-Util.Data.EntityFrameworkCore.SqlServer.csproj", "{F238F45E-8C77-4A96-A78D-AE9CC3D38778}"
EndProject
Project("{9A19103F-16F7-4668-BE54-9A1E7A4F7556}") = "03-Util.Data.EntityFrameworkCore.PostgreSql", "src\Util.Data.EntityFrameworkCore.PostgreSql\03-Util.Data.EntityFrameworkCore.PostgreSql.csproj", "{3E349C42-5F81-4962-B332-E1C7E587600D}"
EndProject
Project("{9A19103F-16F7-4668-BE54-9A1E7A4F7556}") = "05-Util.Data.EntityFrameworkCore.Sqlite", "src\Util.Data.EntityFrameworkCore.Sqlite\05-Util.Data.EntityFrameworkCore.Sqlite.csproj", "{75DF6244-FECC-4FD4-B9EA-3E204B0375B5}"
EndProject
Project("{9A19103F-16F7-4668-BE54-9A1E7A4F7556}") = "06-Util.Data.EntityFrameworkCore.Oracle", "src\Util.Data.EntityFrameworkCore.Oracle\06-Util.Data.EntityFrameworkCore.Oracle.csproj", "{D96D09FE-545E-41F7-BCFD-EA13F4341137}"
EndProject
Project("{9A19103F-16F7-4668-BE54-9A1E7A4F7556}") = "02-Util.Data.Dapper.SqlServer", "src\Util.Data.Dapper.SqlServer\02-Util.Data.Dapper.SqlServer.csproj", "{3AB38FD1-6976-4B65-BB47-959178F2E21C}"
EndProject
Project("{9A19103F-16F7-4668-BE54-9A1E7A4F7556}") = "03-Util.Data.Dapper.PostgreSql", "src\Util.Data.Dapper.PostgreSql\03-Util.Data.Dapper.PostgreSql.csproj", "{1C4FCE81-BC61-49E5-9594-D7019241D6F2}"
EndProject
Project("{9A19103F-16F7-4668-BE54-9A1E7A4F7556}") = "Util.Application", "src\Util.Application\Util.Application.csproj", "{6B353106-7681-4E0F-80EE-91DA92E32975}"
EndProject
Project("{9A19103F-16F7-4668-BE54-9A1E7A4F7556}") = "Util.Application.EntityFrameworkCore", "src\Util.Application.EntityFrameworkCore\Util.Application.EntityFrameworkCore.csproj", "{7BC65D84-B0A3-4404-B3C4-0FE1C9AF60C9}"
EndProject
Project("{9A19103F-16F7-4668-BE54-9A1E7A4F7556}") = "Util.Application.WebApi", "src\Util.Application.WebApi\Util.Application.WebApi.csproj", "{D3934244-3A2B-48F7-927C-B4787C49A84C}"
EndProject
Project("{9A19103F-16F7-4668-BE54-9A1E7A4F7556}") = "01-Util.Templates", "src\Util.Templates\01-Util.Templates.csproj", "{09228E6D-E351-4421-9354-A54B3A5851E7}"
EndProject
Project("{9A19103F-16F7-4668-BE54-9A1E7A4F7556}") = "04-Util.Logging.Serilog.MySQL", "src\Util.Logging.Serilog.MySQL\04-Util.Logging.Serilog.MySQL.csproj", "{46B84000-2338-4623-B636-018B5774A2AB}"
EndProject
Project("{9A19103F-16F7-4668-BE54-9A1E7A4F7556}") = "Util.Tools.IPLocation", "src\Util.Tools.IPLocation\Util.Tools.IPLocation.csproj", "{2B3ABDF5-6E0B-496B-99A3-C79A7A12A7DE}"
EndProject
Project("{9A19103F-16F7-4668-BE54-9A1E7A4F7556}") = "DCSoft.Application", "sample\DCSoft.Application\DCSoft.Application.csproj", "{9063F542-9383-4EFF-8B83-E47B7906DBD3}"
EndProject
Project("{9A19103F-16F7-4668-BE54-9A1E7A4F7556}") = "DCSoft.Data", "sample\DCSoft.Data\DCSoft.Data.csproj", "{8388CBAC-A70E-4EE4-AA7E-6A2E86439C1B}"
EndProject
Project("{9A19103F-16F7-4668-BE54-9A1E7A4F7556}") = "Web.Api", "sample\Web.Api\Web.Api.csproj", "{8739EB30-E6F8-48AE-8C41-A23BFB86BE84}"
EndProject
Project("{9A19103F-16F7-4668-BE54-9A1E7A4F7556}") = "DCSoft.Domain", "sample\DCSoft.Domain\DCSoft.Domain.csproj", "{E4BA5B8D-444B-4F60-9407-34C6259868E9}"
EndProject
Project("{9A19103F-16F7-4668-BE54-9A1E7A4F7556}") = "DCSoft.Data.MySql", "sample\DCSoft.Data.MySql\DCSoft.Data.MySql.csproj", "{F2D7635F-B905-40EA-9825-A703BF5A27D0}"
EndProject
Project("{2150E333-8FDC-42A3-9474-1A3956D46DE8}") = "10-Ui", "10-Ui", "{D1DABAA8-42A7-4746-82C1-F80926B607F8}"
EndProject
Project("{9A19103F-16F7-4668-BE54-9A1E7A4F7556}") = "01-Util.Ui", "src\Util.Ui\01-Util.Ui.csproj", "{996A0E26-08A2-42EA-8C22-61A6B92E427B}"
EndProject
Project("{9A19103F-16F7-4668-BE54-9A1E7A4F7556}") = "02-Util.Ui.Angular", "src\Util.Ui.Angular\02-Util.Ui.Angular.csproj", "{79B0D563-3E68-426C-8B9F-C051D0ACF7C7}"
EndProject
Project("{9A19103F-16F7-4668-BE54-9A1E7A4F7556}") = "03-Util.Ui.NgZorro", "src\Util.Ui.NgZorro\03-Util.Ui.NgZorro.csproj", "{2816ED27-C01D-4EBE-92B5-EE7C872A45BB}"
EndProject
Project("{9A19103F-16F7-4668-BE54-9A1E7A4F7556}") = "04-Util.Ui.NgAlain", "src\Util.Ui.NgAlain\04-Util.Ui.NgAlain.csproj", "{4D6D9C14-8139-4CC7-BFC4-1A3B24FE5895}"
EndProject
Project("{9A19103F-16F7-4668-BE54-9A1E7A4F7556}") = "Util.Authentication.JwtBearer", "src\Util.Authentication.JwtBearer\Util.Authentication.JwtBearer.csproj", "{9CA01EEB-1E24-4236-B918-C6E1E462BBB9}"
EndProject
Project("{9A19103F-16F7-4668-BE54-9A1E7A4F7556}") = "Util.Authorization", "src\Util.Authorization\Util.Authorization.csproj", "{65C7A655-9274-4E1C-BCE0-002159CB6F1A}"
EndProject
Project("{9A19103F-16F7-4668-BE54-9A1E7A4F7556}") = "DCSoft.Web.Core", "sample\DCSoft.Web.Core\DCSoft.Web.Core.csproj", "{EACB6546-0E73-4370-B9F6-A70C2A1E7CB8}"
EndProject
Project("{9A19103F-16F7-4668-BE54-9A1E7A4F7556}") = "DCSoft.Integration", "sample\DCSoft.Integration\DCSoft.Integration.csproj", "{98AD4F72-6AC7-4212-B2BA-1DABBAEA271C}"
EndProject
Project("{9A19103F-16F7-4668-BE54-9A1E7A4F7556}") = "DCSoft.Logging.Serilog", "sample\DCSoft.Logging.Serilog\DCSoft.Logging.Serilog.csproj", "{C0FC45D8-9F6B-41F9-B7F4-5387247B0727}"
EndProject
Project("{9A19103F-16F7-4668-BE54-9A1E7A4F7556}") = "03-Util.Caching.CSRedisCore", "src\Util.Caching.CSRedisCore\03-Util.Caching.CSRedisCore.csproj", "{27B75DF8-43B8-43BC-A9A5-5F466A45E0BE}"
EndProject
Project("{2150E333-8FDC-42A3-9474-1A3956D46DE8}") = "12-Tools", "12-Tools", "{C60A0D99-E3CD-46F6-A7DD-3DB76D615282}"
EndProject
Project("{2150E333-8FDC-42A3-9474-1A3956D46DE8}") = "11-Security", "11-Security", "{E8795AE3-E66C-4905-8736-303F7E449A13}"
EndProject
Global
	GlobalSection(SolutionConfigurationPlatforms) = preSolution
		Debug|Any CPU = Debug|Any CPU
		Release|Any CPU = Release|Any CPU
	EndGlobalSection
	GlobalSection(ProjectConfigurationPlatforms) = postSolution
		{B152E705-8C58-429D-89AA-962A480F546D}.Debug|Any CPU.ActiveCfg = Debug|Any CPU
		{B152E705-8C58-429D-89AA-962A480F546D}.Debug|Any CPU.Build.0 = Debug|Any CPU
		{B152E705-8C58-429D-89AA-962A480F546D}.Release|Any CPU.ActiveCfg = Release|Any CPU
		{B152E705-8C58-429D-89AA-962A480F546D}.Release|Any CPU.Build.0 = Release|Any CPU
		{7D04714A-BB2D-4824-BD3B-B01C1EA71F96}.Debug|Any CPU.ActiveCfg = Debug|Any CPU
		{7D04714A-BB2D-4824-BD3B-B01C1EA71F96}.Debug|Any CPU.Build.0 = Debug|Any CPU
		{7D04714A-BB2D-4824-BD3B-B01C1EA71F96}.Release|Any CPU.ActiveCfg = Release|Any CPU
		{7D04714A-BB2D-4824-BD3B-B01C1EA71F96}.Release|Any CPU.Build.0 = Release|Any CPU
		{C12B4187-4413-4588-B580-309F64B53449}.Debug|Any CPU.ActiveCfg = Debug|Any CPU
		{C12B4187-4413-4588-B580-309F64B53449}.Debug|Any CPU.Build.0 = Debug|Any CPU
		{C12B4187-4413-4588-B580-309F64B53449}.Release|Any CPU.ActiveCfg = Release|Any CPU
		{C12B4187-4413-4588-B580-309F64B53449}.Release|Any CPU.Build.0 = Release|Any CPU
		{6F3F90FD-C400-4398-9564-0D019A55F293}.Debug|Any CPU.ActiveCfg = Debug|Any CPU
		{6F3F90FD-C400-4398-9564-0D019A55F293}.Debug|Any CPU.Build.0 = Debug|Any CPU
		{6F3F90FD-C400-4398-9564-0D019A55F293}.Release|Any CPU.ActiveCfg = Release|Any CPU
		{6F3F90FD-C400-4398-9564-0D019A55F293}.Release|Any CPU.Build.0 = Release|Any CPU
		{40900036-B73A-486A-845C-E75C44E1A554}.Debug|Any CPU.ActiveCfg = Debug|Any CPU
		{40900036-B73A-486A-845C-E75C44E1A554}.Debug|Any CPU.Build.0 = Debug|Any CPU
		{40900036-B73A-486A-845C-E75C44E1A554}.Release|Any CPU.ActiveCfg = Release|Any CPU
		{40900036-B73A-486A-845C-E75C44E1A554}.Release|Any CPU.Build.0 = Release|Any CPU
		{DE19368D-E9E4-4DAB-88C6-D1C94C12DD82}.Debug|Any CPU.ActiveCfg = Debug|Any CPU
		{DE19368D-E9E4-4DAB-88C6-D1C94C12DD82}.Debug|Any CPU.Build.0 = Debug|Any CPU
		{DE19368D-E9E4-4DAB-88C6-D1C94C12DD82}.Release|Any CPU.ActiveCfg = Release|Any CPU
		{DE19368D-E9E4-4DAB-88C6-D1C94C12DD82}.Release|Any CPU.Build.0 = Release|Any CPU
		{4FF1FD06-250B-4B04-928E-57A47C9C5CEE}.Debug|Any CPU.ActiveCfg = Debug|Any CPU
		{4FF1FD06-250B-4B04-928E-57A47C9C5CEE}.Debug|Any CPU.Build.0 = Debug|Any CPU
		{4FF1FD06-250B-4B04-928E-57A47C9C5CEE}.Release|Any CPU.ActiveCfg = Release|Any CPU
		{4FF1FD06-250B-4B04-928E-57A47C9C5CEE}.Release|Any CPU.Build.0 = Release|Any CPU
		{59A84C0B-5464-4D81-B1F6-8BF9E78FD804}.Debug|Any CPU.ActiveCfg = Debug|Any CPU
		{59A84C0B-5464-4D81-B1F6-8BF9E78FD804}.Debug|Any CPU.Build.0 = Debug|Any CPU
		{59A84C0B-5464-4D81-B1F6-8BF9E78FD804}.Release|Any CPU.ActiveCfg = Release|Any CPU
		{59A84C0B-5464-4D81-B1F6-8BF9E78FD804}.Release|Any CPU.Build.0 = Release|Any CPU
		{2EE13B60-F2D8-48DC-AC09-A6AF19119CEE}.Debug|Any CPU.ActiveCfg = Debug|Any CPU
		{2EE13B60-F2D8-48DC-AC09-A6AF19119CEE}.Debug|Any CPU.Build.0 = Debug|Any CPU
		{2EE13B60-F2D8-48DC-AC09-A6AF19119CEE}.Release|Any CPU.ActiveCfg = Release|Any CPU
		{2EE13B60-F2D8-48DC-AC09-A6AF19119CEE}.Release|Any CPU.Build.0 = Release|Any CPU
		{42A1232C-00A8-4B89-ACA9-054C3570C0F7}.Debug|Any CPU.ActiveCfg = Debug|Any CPU
		{42A1232C-00A8-4B89-ACA9-054C3570C0F7}.Debug|Any CPU.Build.0 = Debug|Any CPU
		{42A1232C-00A8-4B89-ACA9-054C3570C0F7}.Release|Any CPU.ActiveCfg = Release|Any CPU
		{42A1232C-00A8-4B89-ACA9-054C3570C0F7}.Release|Any CPU.Build.0 = Release|Any CPU
		{61FB65AE-A205-4209-BF1C-E0579ADB7F3C}.Debug|Any CPU.ActiveCfg = Debug|Any CPU
		{61FB65AE-A205-4209-BF1C-E0579ADB7F3C}.Debug|Any CPU.Build.0 = Debug|Any CPU
		{61FB65AE-A205-4209-BF1C-E0579ADB7F3C}.Release|Any CPU.ActiveCfg = Release|Any CPU
		{61FB65AE-A205-4209-BF1C-E0579ADB7F3C}.Release|Any CPU.Build.0 = Release|Any CPU
		{1F177513-35E8-4F5B-A930-D0E065DAF52E}.Debug|Any CPU.ActiveCfg = Debug|Any CPU
		{1F177513-35E8-4F5B-A930-D0E065DAF52E}.Debug|Any CPU.Build.0 = Debug|Any CPU
		{1F177513-35E8-4F5B-A930-D0E065DAF52E}.Release|Any CPU.ActiveCfg = Release|Any CPU
		{1F177513-35E8-4F5B-A930-D0E065DAF52E}.Release|Any CPU.Build.0 = Release|Any CPU
		{44F89221-4582-4A69-BB4A-8ABA1BAD4865}.Debug|Any CPU.ActiveCfg = Debug|Any CPU
		{44F89221-4582-4A69-BB4A-8ABA1BAD4865}.Debug|Any CPU.Build.0 = Debug|Any CPU
		{44F89221-4582-4A69-BB4A-8ABA1BAD4865}.Release|Any CPU.ActiveCfg = Release|Any CPU
		{44F89221-4582-4A69-BB4A-8ABA1BAD4865}.Release|Any CPU.Build.0 = Release|Any CPU
		{D4E9CBD5-D56B-4356-809A-D19F35F45C0A}.Debug|Any CPU.ActiveCfg = Debug|Any CPU
		{D4E9CBD5-D56B-4356-809A-D19F35F45C0A}.Debug|Any CPU.Build.0 = Debug|Any CPU
		{D4E9CBD5-D56B-4356-809A-D19F35F45C0A}.Release|Any CPU.ActiveCfg = Release|Any CPU
		{D4E9CBD5-D56B-4356-809A-D19F35F45C0A}.Release|Any CPU.Build.0 = Release|Any CPU
		{CDF3A519-AF88-4053-A74E-9F719493DED4}.Debug|Any CPU.ActiveCfg = Debug|Any CPU
		{CDF3A519-AF88-4053-A74E-9F719493DED4}.Debug|Any CPU.Build.0 = Debug|Any CPU
		{CDF3A519-AF88-4053-A74E-9F719493DED4}.Release|Any CPU.ActiveCfg = Release|Any CPU
		{CDF3A519-AF88-4053-A74E-9F719493DED4}.Release|Any CPU.Build.0 = Release|Any CPU
		{CDFBE25D-5CD5-4D9D-893B-C0DCFFCEEAB7}.Debug|Any CPU.ActiveCfg = Debug|Any CPU
		{CDFBE25D-5CD5-4D9D-893B-C0DCFFCEEAB7}.Debug|Any CPU.Build.0 = Debug|Any CPU
		{CDFBE25D-5CD5-4D9D-893B-C0DCFFCEEAB7}.Release|Any CPU.ActiveCfg = Release|Any CPU
		{CDFBE25D-5CD5-4D9D-893B-C0DCFFCEEAB7}.Release|Any CPU.Build.0 = Release|Any CPU
		{BA0451BE-923D-4A1B-A87A-DF667FB41D90}.Debug|Any CPU.ActiveCfg = Debug|Any CPU
		{BA0451BE-923D-4A1B-A87A-DF667FB41D90}.Debug|Any CPU.Build.0 = Debug|Any CPU
		{BA0451BE-923D-4A1B-A87A-DF667FB41D90}.Release|Any CPU.ActiveCfg = Release|Any CPU
		{BA0451BE-923D-4A1B-A87A-DF667FB41D90}.Release|Any CPU.Build.0 = Release|Any CPU
		{C57CD780-6EF1-4B15-89F1-F925DB214D0C}.Debug|Any CPU.ActiveCfg = Debug|Any CPU
		{C57CD780-6EF1-4B15-89F1-F925DB214D0C}.Debug|Any CPU.Build.0 = Debug|Any CPU
		{C57CD780-6EF1-4B15-89F1-F925DB214D0C}.Release|Any CPU.ActiveCfg = Release|Any CPU
		{C57CD780-6EF1-4B15-89F1-F925DB214D0C}.Release|Any CPU.Build.0 = Release|Any CPU
		{E19939B0-3D74-4AE9-A5F0-F7E7521F05A2}.Debug|Any CPU.ActiveCfg = Debug|Any CPU
		{E19939B0-3D74-4AE9-A5F0-F7E7521F05A2}.Debug|Any CPU.Build.0 = Debug|Any CPU
		{E19939B0-3D74-4AE9-A5F0-F7E7521F05A2}.Release|Any CPU.ActiveCfg = Release|Any CPU
		{E19939B0-3D74-4AE9-A5F0-F7E7521F05A2}.Release|Any CPU.Build.0 = Release|Any CPU
		{B18C2569-CBBA-4FD4-A9F5-FFDBC911B653}.Debug|Any CPU.ActiveCfg = Debug|Any CPU
		{B18C2569-CBBA-4FD4-A9F5-FFDBC911B653}.Debug|Any CPU.Build.0 = Debug|Any CPU
		{B18C2569-CBBA-4FD4-A9F5-FFDBC911B653}.Release|Any CPU.ActiveCfg = Release|Any CPU
		{B18C2569-CBBA-4FD4-A9F5-FFDBC911B653}.Release|Any CPU.Build.0 = Release|Any CPU
		{47953964-EF6D-4401-B9AF-66F100DA1533}.Debug|Any CPU.ActiveCfg = Debug|Any CPU
		{47953964-EF6D-4401-B9AF-66F100DA1533}.Debug|Any CPU.Build.0 = Debug|Any CPU
		{47953964-EF6D-4401-B9AF-66F100DA1533}.Release|Any CPU.ActiveCfg = Release|Any CPU
		{47953964-EF6D-4401-B9AF-66F100DA1533}.Release|Any CPU.Build.0 = Release|Any CPU
		{9DE3A38E-9F10-455D-AFE0-1C44E7DC3174}.Debug|Any CPU.ActiveCfg = Debug|Any CPU
		{9DE3A38E-9F10-455D-AFE0-1C44E7DC3174}.Debug|Any CPU.Build.0 = Debug|Any CPU
		{9DE3A38E-9F10-455D-AFE0-1C44E7DC3174}.Release|Any CPU.ActiveCfg = Release|Any CPU
		{9DE3A38E-9F10-455D-AFE0-1C44E7DC3174}.Release|Any CPU.Build.0 = Release|Any CPU
		{00162622-F62F-4329-BBB1-69786A8F9B83}.Debug|Any CPU.ActiveCfg = Debug|Any CPU
		{00162622-F62F-4329-BBB1-69786A8F9B83}.Debug|Any CPU.Build.0 = Debug|Any CPU
		{00162622-F62F-4329-BBB1-69786A8F9B83}.Release|Any CPU.ActiveCfg = Release|Any CPU
		{00162622-F62F-4329-BBB1-69786A8F9B83}.Release|Any CPU.Build.0 = Release|Any CPU
		{2D6EFE8F-AAF9-40D1-9613-0223D91607DA}.Debug|Any CPU.ActiveCfg = Debug|Any CPU
		{2D6EFE8F-AAF9-40D1-9613-0223D91607DA}.Debug|Any CPU.Build.0 = Debug|Any CPU
		{2D6EFE8F-AAF9-40D1-9613-0223D91607DA}.Release|Any CPU.ActiveCfg = Release|Any CPU
		{2D6EFE8F-AAF9-40D1-9613-0223D91607DA}.Release|Any CPU.Build.0 = Release|Any CPU
		{B763E2E3-F222-47B1-BAC3-ED0E978D510C}.Debug|Any CPU.ActiveCfg = Debug|Any CPU
		{B763E2E3-F222-47B1-BAC3-ED0E978D510C}.Debug|Any CPU.Build.0 = Debug|Any CPU
		{B763E2E3-F222-47B1-BAC3-ED0E978D510C}.Release|Any CPU.ActiveCfg = Release|Any CPU
		{B763E2E3-F222-47B1-BAC3-ED0E978D510C}.Release|Any CPU.Build.0 = Release|Any CPU
		{D2F26C5A-3C8E-4453-B94A-D8668A361FE5}.Debug|Any CPU.ActiveCfg = Debug|Any CPU
		{D2F26C5A-3C8E-4453-B94A-D8668A361FE5}.Debug|Any CPU.Build.0 = Debug|Any CPU
		{D2F26C5A-3C8E-4453-B94A-D8668A361FE5}.Release|Any CPU.ActiveCfg = Release|Any CPU
		{D2F26C5A-3C8E-4453-B94A-D8668A361FE5}.Release|Any CPU.Build.0 = Release|Any CPU
		{4806619E-9CBF-4B1B-93DF-E1B51C49A23E}.Debug|Any CPU.ActiveCfg = Debug|Any CPU
		{4806619E-9CBF-4B1B-93DF-E1B51C49A23E}.Debug|Any CPU.Build.0 = Debug|Any CPU
		{4806619E-9CBF-4B1B-93DF-E1B51C49A23E}.Release|Any CPU.ActiveCfg = Release|Any CPU
		{4806619E-9CBF-4B1B-93DF-E1B51C49A23E}.Release|Any CPU.Build.0 = Release|Any CPU
		{F238F45E-8C77-4A96-A78D-AE9CC3D38778}.Debug|Any CPU.ActiveCfg = Debug|Any CPU
		{F238F45E-8C77-4A96-A78D-AE9CC3D38778}.Debug|Any CPU.Build.0 = Debug|Any CPU
		{F238F45E-8C77-4A96-A78D-AE9CC3D38778}.Release|Any CPU.ActiveCfg = Release|Any CPU
		{F238F45E-8C77-4A96-A78D-AE9CC3D38778}.Release|Any CPU.Build.0 = Release|Any CPU
		{3E349C42-5F81-4962-B332-E1C7E587600D}.Debug|Any CPU.ActiveCfg = Debug|Any CPU
		{3E349C42-5F81-4962-B332-E1C7E587600D}.Debug|Any CPU.Build.0 = Debug|Any CPU
		{3E349C42-5F81-4962-B332-E1C7E587600D}.Release|Any CPU.ActiveCfg = Release|Any CPU
		{3E349C42-5F81-4962-B332-E1C7E587600D}.Release|Any CPU.Build.0 = Release|Any CPU
		{75DF6244-FECC-4FD4-B9EA-3E204B0375B5}.Debug|Any CPU.ActiveCfg = Debug|Any CPU
		{75DF6244-FECC-4FD4-B9EA-3E204B0375B5}.Debug|Any CPU.Build.0 = Debug|Any CPU
		{75DF6244-FECC-4FD4-B9EA-3E204B0375B5}.Release|Any CPU.ActiveCfg = Release|Any CPU
		{75DF6244-FECC-4FD4-B9EA-3E204B0375B5}.Release|Any CPU.Build.0 = Release|Any CPU
		{D96D09FE-545E-41F7-BCFD-EA13F4341137}.Debug|Any CPU.ActiveCfg = Debug|Any CPU
		{D96D09FE-545E-41F7-BCFD-EA13F4341137}.Debug|Any CPU.Build.0 = Debug|Any CPU
		{D96D09FE-545E-41F7-BCFD-EA13F4341137}.Release|Any CPU.ActiveCfg = Release|Any CPU
		{D96D09FE-545E-41F7-BCFD-EA13F4341137}.Release|Any CPU.Build.0 = Release|Any CPU
		{3AB38FD1-6976-4B65-BB47-959178F2E21C}.Debug|Any CPU.ActiveCfg = Debug|Any CPU
		{3AB38FD1-6976-4B65-BB47-959178F2E21C}.Debug|Any CPU.Build.0 = Debug|Any CPU
		{3AB38FD1-6976-4B65-BB47-959178F2E21C}.Release|Any CPU.ActiveCfg = Release|Any CPU
		{3AB38FD1-6976-4B65-BB47-959178F2E21C}.Release|Any CPU.Build.0 = Release|Any CPU
		{1C4FCE81-BC61-49E5-9594-D7019241D6F2}.Debug|Any CPU.ActiveCfg = Debug|Any CPU
		{1C4FCE81-BC61-49E5-9594-D7019241D6F2}.Debug|Any CPU.Build.0 = Debug|Any CPU
		{1C4FCE81-BC61-49E5-9594-D7019241D6F2}.Release|Any CPU.ActiveCfg = Release|Any CPU
		{1C4FCE81-BC61-49E5-9594-D7019241D6F2}.Release|Any CPU.Build.0 = Release|Any CPU
		{6B353106-7681-4E0F-80EE-91DA92E32975}.Debug|Any CPU.ActiveCfg = Debug|Any CPU
		{6B353106-7681-4E0F-80EE-91DA92E32975}.Debug|Any CPU.Build.0 = Debug|Any CPU
		{6B353106-7681-4E0F-80EE-91DA92E32975}.Release|Any CPU.ActiveCfg = Release|Any CPU
		{6B353106-7681-4E0F-80EE-91DA92E32975}.Release|Any CPU.Build.0 = Release|Any CPU
		{7BC65D84-B0A3-4404-B3C4-0FE1C9AF60C9}.Debug|Any CPU.ActiveCfg = Debug|Any CPU
		{7BC65D84-B0A3-4404-B3C4-0FE1C9AF60C9}.Debug|Any CPU.Build.0 = Debug|Any CPU
		{7BC65D84-B0A3-4404-B3C4-0FE1C9AF60C9}.Release|Any CPU.ActiveCfg = Release|Any CPU
		{7BC65D84-B0A3-4404-B3C4-0FE1C9AF60C9}.Release|Any CPU.Build.0 = Release|Any CPU
		{D3934244-3A2B-48F7-927C-B4787C49A84C}.Debug|Any CPU.ActiveCfg = Debug|Any CPU
		{D3934244-3A2B-48F7-927C-B4787C49A84C}.Debug|Any CPU.Build.0 = Debug|Any CPU
		{D3934244-3A2B-48F7-927C-B4787C49A84C}.Release|Any CPU.ActiveCfg = Release|Any CPU
		{D3934244-3A2B-48F7-927C-B4787C49A84C}.Release|Any CPU.Build.0 = Release|Any CPU
		{09228E6D-E351-4421-9354-A54B3A5851E7}.Debug|Any CPU.ActiveCfg = Debug|Any CPU
		{09228E6D-E351-4421-9354-A54B3A5851E7}.Debug|Any CPU.Build.0 = Debug|Any CPU
		{09228E6D-E351-4421-9354-A54B3A5851E7}.Release|Any CPU.ActiveCfg = Release|Any CPU
		{09228E6D-E351-4421-9354-A54B3A5851E7}.Release|Any CPU.Build.0 = Release|Any CPU
		{46B84000-2338-4623-B636-018B5774A2AB}.Debug|Any CPU.ActiveCfg = Debug|Any CPU
		{46B84000-2338-4623-B636-018B5774A2AB}.Debug|Any CPU.Build.0 = Debug|Any CPU
		{46B84000-2338-4623-B636-018B5774A2AB}.Release|Any CPU.ActiveCfg = Release|Any CPU
		{46B84000-2338-4623-B636-018B5774A2AB}.Release|Any CPU.Build.0 = Release|Any CPU
		{2B3ABDF5-6E0B-496B-99A3-C79A7A12A7DE}.Debug|Any CPU.ActiveCfg = Debug|Any CPU
		{2B3ABDF5-6E0B-496B-99A3-C79A7A12A7DE}.Debug|Any CPU.Build.0 = Debug|Any CPU
		{2B3ABDF5-6E0B-496B-99A3-C79A7A12A7DE}.Release|Any CPU.ActiveCfg = Release|Any CPU
		{2B3ABDF5-6E0B-496B-99A3-C79A7A12A7DE}.Release|Any CPU.Build.0 = Release|Any CPU
		{9063F542-9383-4EFF-8B83-E47B7906DBD3}.Debug|Any CPU.ActiveCfg = Debug|Any CPU
		{9063F542-9383-4EFF-8B83-E47B7906DBD3}.Debug|Any CPU.Build.0 = Debug|Any CPU
		{9063F542-9383-4EFF-8B83-E47B7906DBD3}.Release|Any CPU.ActiveCfg = Release|Any CPU
		{9063F542-9383-4EFF-8B83-E47B7906DBD3}.Release|Any CPU.Build.0 = Release|Any CPU
		{8388CBAC-A70E-4EE4-AA7E-6A2E86439C1B}.Debug|Any CPU.ActiveCfg = Debug|Any CPU
		{8388CBAC-A70E-4EE4-AA7E-6A2E86439C1B}.Debug|Any CPU.Build.0 = Debug|Any CPU
		{8388CBAC-A70E-4EE4-AA7E-6A2E86439C1B}.Release|Any CPU.ActiveCfg = Release|Any CPU
		{8388CBAC-A70E-4EE4-AA7E-6A2E86439C1B}.Release|Any CPU.Build.0 = Release|Any CPU
		{8739EB30-E6F8-48AE-8C41-A23BFB86BE84}.Debug|Any CPU.ActiveCfg = Debug|Any CPU
		{8739EB30-E6F8-48AE-8C41-A23BFB86BE84}.Debug|Any CPU.Build.0 = Debug|Any CPU
		{8739EB30-E6F8-48AE-8C41-A23BFB86BE84}.Release|Any CPU.ActiveCfg = Release|Any CPU
		{8739EB30-E6F8-48AE-8C41-A23BFB86BE84}.Release|Any CPU.Build.0 = Release|Any CPU
		{E4BA5B8D-444B-4F60-9407-34C6259868E9}.Debug|Any CPU.ActiveCfg = Debug|Any CPU
		{E4BA5B8D-444B-4F60-9407-34C6259868E9}.Debug|Any CPU.Build.0 = Debug|Any CPU
		{E4BA5B8D-444B-4F60-9407-34C6259868E9}.Release|Any CPU.ActiveCfg = Release|Any CPU
		{E4BA5B8D-444B-4F60-9407-34C6259868E9}.Release|Any CPU.Build.0 = Release|Any CPU
		{F2D7635F-B905-40EA-9825-A703BF5A27D0}.Debug|Any CPU.ActiveCfg = Debug|Any CPU
		{F2D7635F-B905-40EA-9825-A703BF5A27D0}.Debug|Any CPU.Build.0 = Debug|Any CPU
		{F2D7635F-B905-40EA-9825-A703BF5A27D0}.Release|Any CPU.ActiveCfg = Release|Any CPU
		{F2D7635F-B905-40EA-9825-A703BF5A27D0}.Release|Any CPU.Build.0 = Release|Any CPU
		{996A0E26-08A2-42EA-8C22-61A6B92E427B}.Debug|Any CPU.ActiveCfg = Debug|Any CPU
		{996A0E26-08A2-42EA-8C22-61A6B92E427B}.Debug|Any CPU.Build.0 = Debug|Any CPU
		{996A0E26-08A2-42EA-8C22-61A6B92E427B}.Release|Any CPU.ActiveCfg = Release|Any CPU
		{996A0E26-08A2-42EA-8C22-61A6B92E427B}.Release|Any CPU.Build.0 = Release|Any CPU
		{79B0D563-3E68-426C-8B9F-C051D0ACF7C7}.Debug|Any CPU.ActiveCfg = Debug|Any CPU
		{79B0D563-3E68-426C-8B9F-C051D0ACF7C7}.Debug|Any CPU.Build.0 = Debug|Any CPU
		{79B0D563-3E68-426C-8B9F-C051D0ACF7C7}.Release|Any CPU.ActiveCfg = Release|Any CPU
		{79B0D563-3E68-426C-8B9F-C051D0ACF7C7}.Release|Any CPU.Build.0 = Release|Any CPU
		{2816ED27-C01D-4EBE-92B5-EE7C872A45BB}.Debug|Any CPU.ActiveCfg = Debug|Any CPU
		{2816ED27-C01D-4EBE-92B5-EE7C872A45BB}.Debug|Any CPU.Build.0 = Debug|Any CPU
		{2816ED27-C01D-4EBE-92B5-EE7C872A45BB}.Release|Any CPU.ActiveCfg = Release|Any CPU
		{2816ED27-C01D-4EBE-92B5-EE7C872A45BB}.Release|Any CPU.Build.0 = Release|Any CPU
		{4D6D9C14-8139-4CC7-BFC4-1A3B24FE5895}.Debug|Any CPU.ActiveCfg = Debug|Any CPU
		{4D6D9C14-8139-4CC7-BFC4-1A3B24FE5895}.Debug|Any CPU.Build.0 = Debug|Any CPU
		{4D6D9C14-8139-4CC7-BFC4-1A3B24FE5895}.Release|Any CPU.ActiveCfg = Release|Any CPU
		{4D6D9C14-8139-4CC7-BFC4-1A3B24FE5895}.Release|Any CPU.Build.0 = Release|Any CPU
		{9CA01EEB-1E24-4236-B918-C6E1E462BBB9}.Debug|Any CPU.ActiveCfg = Debug|Any CPU
		{9CA01EEB-1E24-4236-B918-C6E1E462BBB9}.Debug|Any CPU.Build.0 = Debug|Any CPU
		{9CA01EEB-1E24-4236-B918-C6E1E462BBB9}.Release|Any CPU.ActiveCfg = Release|Any CPU
		{9CA01EEB-1E24-4236-B918-C6E1E462BBB9}.Release|Any CPU.Build.0 = Release|Any CPU
		{65C7A655-9274-4E1C-BCE0-002159CB6F1A}.Debug|Any CPU.ActiveCfg = Debug|Any CPU
		{65C7A655-9274-4E1C-BCE0-002159CB6F1A}.Debug|Any CPU.Build.0 = Debug|Any CPU
		{65C7A655-9274-4E1C-BCE0-002159CB6F1A}.Release|Any CPU.ActiveCfg = Release|Any CPU
		{65C7A655-9274-4E1C-BCE0-002159CB6F1A}.Release|Any CPU.Build.0 = Release|Any CPU
		{EACB6546-0E73-4370-B9F6-A70C2A1E7CB8}.Debug|Any CPU.ActiveCfg = Debug|Any CPU
		{EACB6546-0E73-4370-B9F6-A70C2A1E7CB8}.Debug|Any CPU.Build.0 = Debug|Any CPU
		{EACB6546-0E73-4370-B9F6-A70C2A1E7CB8}.Release|Any CPU.ActiveCfg = Release|Any CPU
		{EACB6546-0E73-4370-B9F6-A70C2A1E7CB8}.Release|Any CPU.Build.0 = Release|Any CPU
		{98AD4F72-6AC7-4212-B2BA-1DABBAEA271C}.Debug|Any CPU.ActiveCfg = Debug|Any CPU
		{98AD4F72-6AC7-4212-B2BA-1DABBAEA271C}.Debug|Any CPU.Build.0 = Debug|Any CPU
		{98AD4F72-6AC7-4212-B2BA-1DABBAEA271C}.Release|Any CPU.ActiveCfg = Release|Any CPU
		{98AD4F72-6AC7-4212-B2BA-1DABBAEA271C}.Release|Any CPU.Build.0 = Release|Any CPU
		{C0FC45D8-9F6B-41F9-B7F4-5387247B0727}.Debug|Any CPU.ActiveCfg = Debug|Any CPU
		{C0FC45D8-9F6B-41F9-B7F4-5387247B0727}.Debug|Any CPU.Build.0 = Debug|Any CPU
		{C0FC45D8-9F6B-41F9-B7F4-5387247B0727}.Release|Any CPU.ActiveCfg = Release|Any CPU
		{C0FC45D8-9F6B-41F9-B7F4-5387247B0727}.Release|Any CPU.Build.0 = Release|Any CPU
		{27B75DF8-43B8-43BC-A9A5-5F466A45E0BE}.Debug|Any CPU.ActiveCfg = Debug|Any CPU
		{27B75DF8-43B8-43BC-A9A5-5F466A45E0BE}.Debug|Any CPU.Build.0 = Debug|Any CPU
		{27B75DF8-43B8-43BC-A9A5-5F466A45E0BE}.Release|Any CPU.ActiveCfg = Release|Any CPU
		{27B75DF8-43B8-43BC-A9A5-5F466A45E0BE}.Release|Any CPU.Build.0 = Release|Any CPU
	EndGlobalSection
	GlobalSection(SolutionProperties) = preSolution
		HideSolutionNode = FALSE
	EndGlobalSection
	GlobalSection(NestedProjects) = preSolution
		{AD0F8B2F-13DA-43C5-81E3-4090F8351531} = {A1B16F56-F07D-4C38-91E6-BFB636836DF1}
		{4CFBAD2D-23DC-47FF-8E9D-95DE1D248266} = {A1B16F56-F07D-4C38-91E6-BFB636836DF1}
		{3F61F31E-3CA9-436E-9494-2F283F07CDAE} = {A1B16F56-F07D-4C38-91E6-BFB636836DF1}
		{3DDE68FD-992D-4A44-B42F-4D06BB941A88} = {A1B16F56-F07D-4C38-91E6-BFB636836DF1}
		{DFDDD609-07CF-4479-A327-C841D16E49C3} = {A1B16F56-F07D-4C38-91E6-BFB636836DF1}
		{015F2308-C1AF-4487-A376-3C819580F8A7} = {A1B16F56-F07D-4C38-91E6-BFB636836DF1}
		{CD01F534-6526-45E8-916A-D962414E715F} = {A1B16F56-F07D-4C38-91E6-BFB636836DF1}
		{829CA1E1-8010-4342-AEE0-60A45FB31A2E} = {A1B16F56-F07D-4C38-91E6-BFB636836DF1}
		{99085031-CE32-46DF-9ECD-0D39B8C06D23} = {A1B16F56-F07D-4C38-91E6-BFB636836DF1}
		{B152E705-8C58-429D-89AA-962A480F546D} = {BEE3EE23-3B90-427B-B7F1-2B131039490F}
		{7D04714A-BB2D-4824-BD3B-B01C1EA71F96} = {4CFBAD2D-23DC-47FF-8E9D-95DE1D248266}
		{C12B4187-4413-4588-B580-309F64B53449} = {4CFBAD2D-23DC-47FF-8E9D-95DE1D248266}
		{6F3F90FD-C400-4398-9564-0D019A55F293} = {4CFBAD2D-23DC-47FF-8E9D-95DE1D248266}
		{40900036-B73A-486A-845C-E75C44E1A554} = {4CFBAD2D-23DC-47FF-8E9D-95DE1D248266}
		{DE19368D-E9E4-4DAB-88C6-D1C94C12DD82} = {4CFBAD2D-23DC-47FF-8E9D-95DE1D248266}
		{4FF1FD06-250B-4B04-928E-57A47C9C5CEE} = {4CFBAD2D-23DC-47FF-8E9D-95DE1D248266}
		{59A84C0B-5464-4D81-B1F6-8BF9E78FD804} = {4CFBAD2D-23DC-47FF-8E9D-95DE1D248266}
		{2EE13B60-F2D8-48DC-AC09-A6AF19119CEE} = {AD0F8B2F-13DA-43C5-81E3-4090F8351531}
		{42A1232C-00A8-4B89-ACA9-054C3570C0F7} = {AD0F8B2F-13DA-43C5-81E3-4090F8351531}
		{61FB65AE-A205-4209-BF1C-E0579ADB7F3C} = {AD0F8B2F-13DA-43C5-81E3-4090F8351531}
		{1F177513-35E8-4F5B-A930-D0E065DAF52E} = {3F61F31E-3CA9-436E-9494-2F283F07CDAE}
		{44F89221-4582-4A69-BB4A-8ABA1BAD4865} = {DFDDD609-07CF-4479-A327-C841D16E49C3}
		{D4E9CBD5-D56B-4356-809A-D19F35F45C0A} = {DFDDD609-07CF-4479-A327-C841D16E49C3}
		{CDF3A519-AF88-4053-A74E-9F719493DED4} = {015F2308-C1AF-4487-A376-3C819580F8A7}
		{CDFBE25D-5CD5-4D9D-893B-C0DCFFCEEAB7} = {015F2308-C1AF-4487-A376-3C819580F8A7}
		{BA0451BE-923D-4A1B-A87A-DF667FB41D90} = {015F2308-C1AF-4487-A376-3C819580F8A7}
		{C57CD780-6EF1-4B15-89F1-F925DB214D0C} = {CD01F534-6526-45E8-916A-D962414E715F}
		{E19939B0-3D74-4AE9-A5F0-F7E7521F05A2} = {CD01F534-6526-45E8-916A-D962414E715F}
		{66C56DB0-0F3D-4C8A-9CA1-1D5475E6E79F} = {829CA1E1-8010-4342-AEE0-60A45FB31A2E}
		{B18C2569-CBBA-4FD4-A9F5-FFDBC911B653} = {66C56DB0-0F3D-4C8A-9CA1-1D5475E6E79F}
		{47953964-EF6D-4401-B9AF-66F100DA1533} = {66C56DB0-0F3D-4C8A-9CA1-1D5475E6E79F}
		{9DE3A38E-9F10-455D-AFE0-1C44E7DC3174} = {66C56DB0-0F3D-4C8A-9CA1-1D5475E6E79F}
		{8BB1BF17-5C59-4D26-9509-AB239593192A} = {829CA1E1-8010-4342-AEE0-60A45FB31A2E}
		{00162622-F62F-4329-BBB1-69786A8F9B83} = {8BB1BF17-5C59-4D26-9509-AB239593192A}
		{2D6EFE8F-AAF9-40D1-9613-0223D91607DA} = {8BB1BF17-5C59-4D26-9509-AB239593192A}
		{36F9C754-A38B-41E1-8482-95D0C94245CA} = {829CA1E1-8010-4342-AEE0-60A45FB31A2E}
		{B763E2E3-F222-47B1-BAC3-ED0E978D510C} = {36F9C754-A38B-41E1-8482-95D0C94245CA}
		{D2F26C5A-3C8E-4453-B94A-D8668A361FE5} = {36F9C754-A38B-41E1-8482-95D0C94245CA}
		{4806619E-9CBF-4B1B-93DF-E1B51C49A23E} = {36F9C754-A38B-41E1-8482-95D0C94245CA}
		{F238F45E-8C77-4A96-A78D-AE9CC3D38778} = {8BB1BF17-5C59-4D26-9509-AB239593192A}
		{3E349C42-5F81-4962-B332-E1C7E587600D} = {8BB1BF17-5C59-4D26-9509-AB239593192A}
		{75DF6244-FECC-4FD4-B9EA-3E204B0375B5} = {8BB1BF17-5C59-4D26-9509-AB239593192A}
		{D96D09FE-545E-41F7-BCFD-EA13F4341137} = {8BB1BF17-5C59-4D26-9509-AB239593192A}
		{3AB38FD1-6976-4B65-BB47-959178F2E21C} = {36F9C754-A38B-41E1-8482-95D0C94245CA}
		{1C4FCE81-BC61-49E5-9594-D7019241D6F2} = {36F9C754-A38B-41E1-8482-95D0C94245CA}
		{6B353106-7681-4E0F-80EE-91DA92E32975} = {99085031-CE32-46DF-9ECD-0D39B8C06D23}
		{7BC65D84-B0A3-4404-B3C4-0FE1C9AF60C9} = {99085031-CE32-46DF-9ECD-0D39B8C06D23}
		{D3934244-3A2B-48F7-927C-B4787C49A84C} = {99085031-CE32-46DF-9ECD-0D39B8C06D23}
		{09228E6D-E351-4421-9354-A54B3A5851E7} = {3DDE68FD-992D-4A44-B42F-4D06BB941A88}
		{46B84000-2338-4623-B636-018B5774A2AB} = {AD0F8B2F-13DA-43C5-81E3-4090F8351531}
		{2B3ABDF5-6E0B-496B-99A3-C79A7A12A7DE} = {C60A0D99-E3CD-46F6-A7DD-3DB76D615282}
		{9063F542-9383-4EFF-8B83-E47B7906DBD3} = {57D6BCDA-5C51-4B1D-AD88-78C465C24CD1}
		{8388CBAC-A70E-4EE4-AA7E-6A2E86439C1B} = {57D6BCDA-5C51-4B1D-AD88-78C465C24CD1}
		{8739EB30-E6F8-48AE-8C41-A23BFB86BE84} = {57D6BCDA-5C51-4B1D-AD88-78C465C24CD1}
		{E4BA5B8D-444B-4F60-9407-34C6259868E9} = {57D6BCDA-5C51-4B1D-AD88-78C465C24CD1}
		{F2D7635F-B905-40EA-9825-A703BF5A27D0} = {57D6BCDA-5C51-4B1D-AD88-78C465C24CD1}
		{D1DABAA8-42A7-4746-82C1-F80926B607F8} = {A1B16F56-F07D-4C38-91E6-BFB636836DF1}
		{996A0E26-08A2-42EA-8C22-61A6B92E427B} = {D1DABAA8-42A7-4746-82C1-F80926B607F8}
		{79B0D563-3E68-426C-8B9F-C051D0ACF7C7} = {D1DABAA8-42A7-4746-82C1-F80926B607F8}
		{2816ED27-C01D-4EBE-92B5-EE7C872A45BB} = {D1DABAA8-42A7-4746-82C1-F80926B607F8}
		{4D6D9C14-8139-4CC7-BFC4-1A3B24FE5895} = {D1DABAA8-42A7-4746-82C1-F80926B607F8}
		{9CA01EEB-1E24-4236-B918-C6E1E462BBB9} = {E8795AE3-E66C-4905-8736-303F7E449A13}
		{65C7A655-9274-4E1C-BCE0-002159CB6F1A} = {E8795AE3-E66C-4905-8736-303F7E449A13}
		{EACB6546-0E73-4370-B9F6-A70C2A1E7CB8} = {57D6BCDA-5C51-4B1D-AD88-78C465C24CD1}
		{98AD4F72-6AC7-4212-B2BA-1DABBAEA271C} = {57D6BCDA-5C51-4B1D-AD88-78C465C24CD1}
		{C0FC45D8-9F6B-41F9-B7F4-5387247B0727} = {57D6BCDA-5C51-4B1D-AD88-78C465C24CD1}
		{27B75DF8-43B8-43BC-A9A5-5F466A45E0BE} = {DFDDD609-07CF-4479-A327-C841D16E49C3}
		{C60A0D99-E3CD-46F6-A7DD-3DB76D615282} = {A1B16F56-F07D-4C38-91E6-BFB636836DF1}
		{E8795AE3-E66C-4905-8736-303F7E449A13} = {A1B16F56-F07D-4C38-91E6-BFB636836DF1}
	EndGlobalSection
	GlobalSection(ExtensibilityGlobals) = postSolution
		SolutionGuid = {5A99CBA9-4A62-454F-9267-D3F362965038}
	EndGlobalSection
EndGlobal
